// !$*UTF8*$!
{
	archiveVersion = 1;
	classes = {
	};
	objectVersion = 56;
	objects = {

/* Begin PBXBuildFile section */
		5BADA51D2B3B1DAE00FE9381 /* TOTPGenerator.m in Sources */ = {isa = PBXBuildFile; fileRef = 5BADA5172B3B1DAE00FE9381 /* TOTPGenerator.m */; };
		5BADA51E2B3B1DAE00FE9381 /* OTPGenerator.m in Sources */ = {isa = PBXBuildFile; fileRef = 5BADA5192B3B1DAE00FE9381 /* OTPGenerator.m */; };
		5BADA51F2B3B1DAE00FE9381 /* MF_Base32Additions.m in Sources */ = {isa = PBXBuildFile; fileRef = 5BADA51B2B3B1DAE00FE9381 /* MF_Base32Additions.m */; };
		5BBD96C52B3AD8C5001704BF /* main.m in Sources */ = {isa = PBXBuildFile; fileRef = 5BBD96C42B3AD8C5001704BF /* main.m */; };
/* End PBXBuildFile section */

/* Begin PBXCopyFilesBuildPhase section */
		5BBD96BF2B3AD8C5001704BF /* CopyFiles */ = {
			isa = PBXCopyFilesBuildPhase;
			buildActionMask = 2147483647;
			dstPath = usr/share/man/man1;
			dstSubfolderSpec = 0;
			files = (
			);
			runOnlyForDeploymentPostprocessing = 1;
		};
/* End PBXCopyFilesBuildPhase section */

/* Begin PBXFileReference section */
		02583BE92B3D1766002AF4EA /* mfa */ = {isa = PBXFileReference; explicitFileType = "compiled.mach-o.executable"; includeInIndex = 0; path = mfa; sourceTree = BUILT_PRODUCTS_DIR; };
		5BADA5172B3B1DAE00FE9381 /* TOTPGenerator.m */ = {isa = PBXFileReference; lastKnownFileType = sourcecode.c.objc; path = TOTPGenerator.m; sourceTree = "<group>"; };
		5BADA5182B3B1DAE00FE9381 /* OTPGenerator.h */ = {isa = PBXFileReference; lastKnownFileType = sourcecode.c.h; path = OTPGenerator.h; sourceTree = "<group>"; };
		5BADA5192B3B1DAE00FE9381 /* OTPGenerator.m */ = {isa = PBXFileReference; lastKnownFileType = sourcecode.c.objc; path = OTPGenerator.m; sourceTree = "<group>"; };
		5BADA51A2B3B1DAE00FE9381 /* TOTPGenerator.h */ = {isa = PBXFileReference; lastKnownFileType = sourcecode.c.h; path = TOTPGenerator.h; sourceTree = "<group>"; };
		5BADA51B2B3B1DAE00FE9381 /* MF_Base32Additions.m */ = {isa = PBXFileReference; lastKnownFileType = sourcecode.c.objc; path = MF_Base32Additions.m; sourceTree = "<group>"; };
		5BADA51C2B3B1DAE00FE9381 /* MF_Base32Additions.h */ = {isa = PBXFileReference; lastKnownFileType = sourcecode.c.h; path = MF_Base32Additions.h; sourceTree = "<group>"; };
		5BBD96C42B3AD8C5001704BF /* main.m */ = {isa = PBXFileReference; lastKnownFileType = sourcecode.c.objc; path = main.m; sourceTree = "<group>"; };
/* End PBXFileReference section */

/* Begin PBXFrameworksBuildPhase section */
		5BBD96BE2B3AD8C5001704BF /* Frameworks */ = {
			isa = PBXFrameworksBuildPhase;
			buildActionMask = 2147483647;
			files = (
			);
			runOnlyForDeploymentPostprocessing = 0;
		};
/* End PBXFrameworksBuildPhase section */

/* Begin PBXGroup section */
		5BBD96B82B3AD8C5001704BF = {
			isa = PBXGroup;
			children = (
				5BBD96C32B3AD8C5001704BF /* mfa */,
				02583BE92B3D1766002AF4EA /* mfa */,
			);
			sourceTree = "<group>";
		};
		5BBD96C32B3AD8C5001704BF /* mfa */ = {
			isa = PBXGroup;
			children = (
				5BADA51C2B3B1DAE00FE9381 /* MF_Base32Additions.h */,
				5BADA51B2B3B1DAE00FE9381 /* MF_Base32Additions.m */,
				5BADA5182B3B1DAE00FE9381 /* OTPGenerator.h */,
				5BADA5192B3B1DAE00FE9381 /* OTPGenerator.m */,
				5BADA51A2B3B1DAE00FE9381 /* TOTPGenerator.h */,
				5BADA5172B3B1DAE00FE9381 /* TOTPGenerator.m */,
				5BBD96C42B3AD8C5001704BF /* main.m */,
			);
			path = mfa;
			sourceTree = "<group>";
		};
/* End PBXGroup section */

/* Begin PBXNativeTarget section */
		5BBD96C02B3AD8C5001704BF /* mfa */ = {
			isa = PBXNativeTarget;
			buildConfigurationList = 5BBD96C82B3AD8C5001704BF /* Build configuration list for PBXNativeTarget "mfa" */;
			buildPhases = (
				5BBD96BD2B3AD8C5001704BF /* Sources */,
				5BBD96BE2B3AD8C5001704BF /* Frameworks */,
				5BBD96BF2B3AD8C5001704BF /* CopyFiles */,
			);
			buildRules = (
			);
			dependencies = (
			);
			name = mfa;
			packageProductDependencies = (
			);
			productName = mfa;
			productReference = 02583BE92B3D1766002AF4EA /* mfa */;
			productType = "com.apple.product-type.tool";
		};
/* End PBXNativeTarget section */

/* Begin PBXProject section */
		5BBD96B92B3AD8C5001704BF /* Project object */ = {
			isa = PBXProject;
			attributes = {
				BuildIndependentTargetsInParallel = 1;
				LastUpgradeCheck = 1510;
				TargetAttributes = {
					5BBD96C02B3AD8C5001704BF = {
						CreatedOnToolsVersion = 15.1;
					};
				};
			};
			buildConfigurationList = 5BBD96BC2B3AD8C5001704BF /* Build configuration list for PBXProject "mfa" */;
			compatibilityVersion = "Xcode 14.0";
			developmentRegion = en;
			hasScannedForEncodings = 0;
			knownRegions = (
				en,
				Base,
			);
			mainGroup = 5BBD96B82B3AD8C5001704BF;
			productRefGroup = 5BBD96B82B3AD8C5001704BF;
			projectDirPath = "";
			projectRoot = "";
			targets = (
				5BBD96C02B3AD8C5001704BF /* mfa */,
			);
		};
/* End PBXProject section */

/* Begin PBXSourcesBuildPhase section */
		5BBD96BD2B3AD8C5001704BF /* Sources */ = {
			isa = PBXSourcesBuildPhase;
			buildActionMask = 2147483647;
			files = (
				5BADA51D2B3B1DAE00FE9381 /* TOTPGenerator.m in Sources */,
				5BBD96C52B3AD8C5001704BF /* main.m in Sources */,
				5BADA51F2B3B1DAE00FE9381 /* MF_Base32Additions.m in Sources */,
				5BADA51E2B3B1DAE00FE9381 /* OTPGenerator.m in Sources */,
			);
			runOnlyForDeploymentPostprocessing = 0;
		};
/* End PBXSourcesBuildPhase section */

/* Begin XCBuildConfiguration section */
		5BBD96C62B3AD8C5001704BF /* Debug */ = {
			isa = XCBuildConfiguration;
			buildSettings = {
				ALWAYS_SEARCH_USER_PATHS = NO;
				ASSETCATALOG_COMPILER_GENERATE_SWIFT_ASSET_SYMBOL_EXTENSIONS = YES;
				CLANG_ANALYZER_NONNULL = YES;
				CLANG_ANALYZER_NUMBER_OBJECT_CONVERSION = YES_AGGRESSIVE;
				CLANG_CXX_LANGUAGE_STANDARD = "gnu++20";
				CLANG_ENABLE_MODULES = YES;
				CLANG_ENABLE_OBJC_ARC = YES;
				CLANG_ENABLE_OBJC_WEAK = YES;
				CLANG_WARN_BLOCK_CAPTURE_AUTORELEASING = YES;
				CLANG_WARN_BOOL_CONVERSION = YES;
				CLANG_WARN_COMMA = YES;
				CLANG_WARN_CONSTANT_CONVERSION = YES;
				CLANG_WARN_DEPRECATED_OBJC_IMPLEMENTATIONS = YES;
				CLANG_WARN_DIRECT_OBJC_ISA_USAGE = YES_ERROR;
				CLANG_WARN_DOCUMENTATION_COMMENTS = YES;
				CLANG_WARN_EMPTY_BODY = YES;
				CLANG_WARN_ENUM_CONVERSION = YES;
				CLANG_WARN_INFINITE_RECURSION = YES;
				CLANG_WARN_INT_CONVERSION = YES;
				CLANG_WARN_NON_LITERAL_NULL_CONVERSION = YES;
				CLANG_WARN_OBJC_IMPLICIT_RETAIN_SELF = YES;
				CLANG_WARN_OBJC_LITERAL_CONVERSION = YES;
				CLANG_WARN_OBJC_ROOT_CLASS = YES_ERROR;
				CLANG_WARN_QUOTED_INCLUDE_IN_FRAMEWORK_HEADER = YES;
				CLANG_WARN_RANGE_LOOP_ANALYSIS = YES;
				CLANG_WARN_STRICT_PROTOTYPES = YES;
				CLANG_WARN_SUSPICIOUS_MOVE = YES;
				CLANG_WARN_UNGUARDED_AVAILABILITY = YES_AGGRESSIVE;
				CLANG_WARN_UNREACHABLE_CODE = YES;
				CLANG_WARN__DUPLICATE_METHOD_MATCH = YES;
				COPY_PHASE_STRIP = NO;
				DEBUG_INFORMATION_FORMAT = dwarf;
				ENABLE_STRICT_OBJC_MSGSEND = YES;
				ENABLE_TESTABILITY = YES;
				ENABLE_USER_SCRIPT_SANDBOXING = YES;
				GCC_C_LANGUAGE_STANDARD = gnu17;
				GCC_DYNAMIC_NO_PIC = NO;
				GCC_NO_COMMON_BLOCKS = YES;
				GCC_OPTIMIZATION_LEVEL = 0;
				GCC_PREPROCESSOR_DEFINITIONS = (
					"DEBUG=1",
					"$(inherited)",
				);
				GCC_WARN_64_TO_32_BIT_CONVERSION = YES;
				GCC_WARN_ABOUT_RETURN_TYPE = YES_ERROR;
				GCC_WARN_UNDECLARED_SELECTOR = YES;
				GCC_WARN_UNINITIALIZED_AUTOS = YES_AGGRESSIVE;
				GCC_WARN_UNUSED_FUNCTION = YES;
				GCC_WARN_UNUSED_VARIABLE = YES;
				LOCALIZATION_PREFERS_STRING_CATALOGS = YES;
				MACOSX_DEPLOYMENT_TARGET = 14.0;
				MTL_ENABLE_DEBUG_INFO = INCLUDE_SOURCE;
				MTL_FAST_MATH = YES;
				ONLY_ACTIVE_ARCH = YES;
				SDKROOT = macosx;
			};
			name = Debug;
		};
		5BBD96C72B3AD8C5001704BF /* Release */ = {
			isa = XCBuildConfiguration;
			buildSettings = {
				ALWAYS_SEARCH_USER_PATHS = NO;
				ASSETCATALOG_COMPILER_GENERATE_SWIFT_ASSET_SYMBOL_EXTENSIONS = YES;
				CLANG_ANALYZER_NONNULL = YES;
				CLANG_ANALYZER_NUMBER_OBJECT_CONVERSION = YES_AGGRESSIVE;
				CLANG_CXX_LANGUAGE_STANDARD = "gnu++20";
				CLANG_ENABLE_MODULES = YES;
				CLANG_ENABLE_OBJC_ARC = YES;
				CLANG_ENABLE_OBJC_WEAK = YES;
				CLANG_WARN_BLOCK_CAPTURE_AUTORELEASING = YES;
				CLANG_WARN_BOOL_CONVERSION = YES;
				CLANG_WARN_COMMA = YES;
				CLANG_WARN_CONSTANT_CONVERSION = YES;
				CLANG_WARN_DEPRECATED_OBJC_IMPLEMENTATIONS = YES;
				CLANG_WARN_DIRECT_OBJC_ISA_USAGE = YES_ERROR;
				CLANG_WARN_DOCUMENTATION_COMMENTS = YES;
				CLANG_WARN_EMPTY_BODY = YES;
				CLANG_WARN_ENUM_CONVERSION = YES;
				CLANG_WARN_INFINITE_RECURSION = YES;
				CLANG_WARN_INT_CONVERSION = YES;
				CLANG_WARN_NON_LITERAL_NULL_CONVERSION = YES;
				CLANG_WARN_OBJC_IMPLICIT_RETAIN_SELF = YES;
				CLANG_WARN_OBJC_LITERAL_CONVERSION = YES;
				CLANG_WARN_OBJC_ROOT_CLASS = YES_ERROR;
				CLANG_WARN_QUOTED_INCLUDE_IN_FRAMEWORK_HEADER = YES;
				CLANG_WARN_RANGE_LOOP_ANALYSIS = YES;
				CLANG_WARN_STRICT_PROTOTYPES = YES;
				CLANG_WARN_SUSPICIOUS_MOVE = YES;
				CLANG_WARN_UNGUARDED_AVAILABILITY = YES_AGGRESSIVE;
				CLANG_WARN_UNREACHABLE_CODE = YES;
				CLANG_WARN__DUPLICATE_METHOD_MATCH = YES;
				COPY_PHASE_STRIP = NO;
				DEBUG_INFORMATION_FORMAT = "dwarf-with-dsym";
				ENABLE_NS_ASSERTIONS = NO;
				ENABLE_STRICT_OBJC_MSGSEND = YES;
				ENABLE_USER_SCRIPT_SANDBOXING = YES;
				GCC_C_LANGUAGE_STANDARD = gnu17;
				GCC_NO_COMMON_BLOCKS = YES;
				GCC_WARN_64_TO_32_BIT_CONVERSION = YES;
				GCC_WARN_ABOUT_RETURN_TYPE = YES_ERROR;
				GCC_WARN_UNDECLARED_SELECTOR = YES;
				GCC_WARN_UNINITIALIZED_AUTOS = YES_AGGRESSIVE;
				GCC_WARN_UNUSED_FUNCTION = YES;
				GCC_WARN_UNUSED_VARIABLE = YES;
				LOCALIZATION_PREFERS_STRING_CATALOGS = YES;
				MACOSX_DEPLOYMENT_TARGET = 14.0;
				MTL_ENABLE_DEBUG_INFO = NO;
				MTL_FAST_MATH = YES;
				ONLY_ACTIVE_ARCH = NO;
				SDKROOT = macosx;
			};
			name = Release;
		};
		5BBD96C92B3AD8C5001704BF /* Debug */ = {
			isa = XCBuildConfiguration;
			buildSettings = {
				CODE_SIGN_STYLE = Automatic;
				PRODUCT_NAME = "$(TARGET_NAME)";
			};
			name = Debug;
		};
		5BBD96CA2B3AD8C5001704BF /* Release */ = {
			isa = XCBuildConfiguration;
			buildSettings = {
				CODE_SIGN_STYLE = Automatic;
				PRODUCT_NAME = "$(TARGET_NAME)";
			};
			name = Release;
		};
/* End XCBuildConfiguration section */

/* Begin XCConfigurationList section */
		5BBD96BC2B3AD8C5001704BF /* Build configuration list for PBXProject "mfa" */ = {
			isa = XCConfigurationList;
			buildConfigurations = (
				5BBD96C62B3AD8C5001704BF /* Debug */,
				5BBD96C72B3AD8C5001704BF /* Release */,
			);
			defaultConfigurationIsVisible = 0;
			defaultConfigurationName = Release;
		};
		5BBD96C82B3AD8C5001704BF /* Build configuration list for PBXNativeTarget "mfa" */ = {
			isa = XCConfigurationList;
			buildConfigurations = (
				5BBD96C92B3AD8C5001704BF /* Debug */,
				5BBD96CA2B3AD8C5001704BF /* Release */,
			);
			defaultConfigurationIsVisible = 0;
			defaultConfigurationName = Release;
		};
/* End XCConfigurationList section */
	};
	rootObject = 5BBD96B92B3AD8C5001704BF /* Project object */;
}
